
Microsoft Visual Studio Solution File, Format Version 12.00
# Visual Studio Version 16
VisualStudioVersion = 16.0.31205.134
MinimumVisualStudioVersion = 10.0.40219.1
Project("{FAE04EC0-301F-11D3-BF4B-00C04F79EFBC}") = "DoAnQLKhachSan", "DoAnQLKhachSan\DoAnQLKhachSan.csproj", "{86B9E45C-26D0-44E8-A8B4-93159DA82A39}"
EndProject
Project("{FAE04EC0-301F-11D3-BF4B-00C04F79EFBC}") = "DAO", "DAO\DAO.csproj", "{E9AD0144-8217-4C7E-8D48-6C5527C541D8}"
EndProject
Project("{FAE04EC0-301F-11D3-BF4B-00C04F79EFBC}") = "BUS", "BUS\BUS.csproj", "{14B83F08-3AD5-4F13-B09F-E8DB3C715EC6}"
EndProject
Global
	GlobalSection(SolutionConfigurationPlatforms) = preSolution
		Debug|Any CPU = Debug|Any CPU
		Release|Any CPU = Release|Any CPU
	EndGlobalSection
	GlobalSection(ProjectConfigurationPlatforms) = postSolution
		{86B9E45C-26D0-44E8-A8B4-93159DA82A39}.Debug|Any CPU.ActiveCfg = Debug|Any CPU
		{86B9E45C-26D0-44E8-A8B4-93159DA82A39}.Debug|Any CPU.Build.0 = Debug|Any CPU
		{86B9E45C-26D0-44E8-A8B4-93159DA82A39}.Release|Any CPU.ActiveCfg = Release|Any CPU
		{86B9E45C-26D0-44E8-A8B4-93159DA82A39}.Release|Any CPU.Build.0 = Release|Any CPU
		{E9AD0144-8217-4C7E-8D48-6C5527C541D8}.Debug|Any CPU.ActiveCfg = Debug|Any CPU
		{E9AD0144-8217-4C7E-8D48-6C5527C541D8}.Debug|Any CPU.Build.0 = Debug|Any CPU
		{E9AD0144-8217-4C7E-8D48-6C5527C541D8}.Release|Any CPU.ActiveCfg = Release|Any CPU
		{E9AD0144-8217-4C7E-8D48-6C5527C541D8}.Release|Any CPU.Build.0 = Release|Any CPU
		{14B83F08-3AD5-4F13-B09F-E8DB3C715EC6}.Debug|Any CPU.ActiveCfg = Debug|Any CPU
		{14B83F08-3AD5-4F13-B09F-E8DB3C715EC6}.Debug|Any CPU.Build.0 = Debug|Any CPU
		{14B83F08-3AD5-4F13-B09F-E8DB3C715EC6}.Release|Any CPU.ActiveCfg = Release|Any CPU
		{14B83F08-3AD5-4F13-B09F-E8DB3C715EC6}.Release|Any CPU.Build.0 = Release|Any CPU
	EndGlobalSection
	GlobalSection(SolutionProperties) = preSolution
		HideSolutionNode = FALSE
	EndGlobalSection
	GlobalSection(ExtensibilityGlobals) = postSolution
		SolutionGuid = {8D36C0BD-F6D2-412C-A0C2-0787A4370BA9}
	EndGlobalSection
EndGlobal
